
Microsoft Visual Studio Solution File, Format Version 12.00
# Visual Studio Version 17
VisualStudioVersion = 17.0.31903.59
MinimumVisualStudioVersion = 10.0.40219.1
Project("{FAE04EC0-301F-11D3-BF4B-00C04F79EFBC}") = "Concerto.Orchestrator.Tests", "Concerto.Orchestrator.Tests\Concerto.Orchestrator.Tests.csproj", "{B9F4948B-4DB7-4FC1-98E7-775BBDD7E8E7}"
EndProject
Project("{FAE04EC0-301F-11D3-BF4B-00C04F79EFBC}") = "Concerto.Coordinator", "Concerto.Coordinator\Concerto.Coordinator.csproj", "{B740C283-DFF6-4B78-ACC4-D9251F38AAA1}"
EndProject
Project("{FAE04EC0-301F-11D3-BF4B-00C04F79EFBC}") = "Concerto.Orchestrator", "Concerto.Orchestrator\Concerto.Orchestrator.csproj", "{427CB587-D3EF-4317-85B6-46DA4BC40837}"
EndProject
Project("{2150E333-8FDC-42A3-9474-1A3956D46DE8}") = "Samples", "Samples", "{D9D4DABA-4D91-499B-BC77-71D6FA8017F4}"
EndProject
Project("{FAE04EC0-301F-11D3-BF4B-00C04F79EFBC}") = "Concerto.Samples.Sagas", "Samples\Concerto.Samples.Sagas\Concerto.Samples.Sagas.csproj", "{FA8E50DD-F2ED-4483-B532-0FB414AC5806}"
EndProject
Global
	GlobalSection(SolutionConfigurationPlatforms) = preSolution
		Debug|Any CPU = Debug|Any CPU
		Release|Any CPU = Release|Any CPU
	EndGlobalSection
	GlobalSection(SolutionProperties) = preSolution
		HideSolutionNode = FALSE
	EndGlobalSection
	GlobalSection(ProjectConfigurationPlatforms) = postSolution
		{B9F4948B-4DB7-4FC1-98E7-775BBDD7E8E7}.Debug|Any CPU.ActiveCfg = Debug|Any CPU
		{B9F4948B-4DB7-4FC1-98E7-775BBDD7E8E7}.Debug|Any CPU.Build.0 = Debug|Any CPU
		{B9F4948B-4DB7-4FC1-98E7-775BBDD7E8E7}.Release|Any CPU.ActiveCfg = Release|Any CPU
		{B9F4948B-4DB7-4FC1-98E7-775BBDD7E8E7}.Release|Any CPU.Build.0 = Release|Any CPU
		{B740C283-DFF6-4B78-ACC4-D9251F38AAA1}.Debug|Any CPU.ActiveCfg = Debug|Any CPU
		{B740C283-DFF6-4B78-ACC4-D9251F38AAA1}.Debug|Any CPU.Build.0 = Debug|Any CPU
		{B740C283-DFF6-4B78-ACC4-D9251F38AAA1}.Release|Any CPU.ActiveCfg = Release|Any CPU
		{B740C283-DFF6-4B78-ACC4-D9251F38AAA1}.Release|Any CPU.Build.0 = Release|Any CPU
		{427CB587-D3EF-4317-85B6-46DA4BC40837}.Debug|Any CPU.ActiveCfg = Debug|Any CPU
		{427CB587-D3EF-4317-85B6-46DA4BC40837}.Debug|Any CPU.Build.0 = Debug|Any CPU
		{427CB587-D3EF-4317-85B6-46DA4BC40837}.Release|Any CPU.ActiveCfg = Release|Any CPU
		{427CB587-D3EF-4317-85B6-46DA4BC40837}.Release|Any CPU.Build.0 = Release|Any CPU
		{FA8E50DD-F2ED-4483-B532-0FB414AC5806}.Debug|Any CPU.ActiveCfg = Debug|Any CPU
		{FA8E50DD-F2ED-4483-B532-0FB414AC5806}.Debug|Any CPU.Build.0 = Debug|Any CPU
		{FA8E50DD-F2ED-4483-B532-0FB414AC5806}.Release|Any CPU.ActiveCfg = Release|Any CPU
		{FA8E50DD-F2ED-4483-B532-0FB414AC5806}.Release|Any CPU.Build.0 = Release|Any CPU
	EndGlobalSection
	GlobalSection(NestedProjects) = preSolution
		{FA8E50DD-F2ED-4483-B532-0FB414AC5806} = {D9D4DABA-4D91-499B-BC77-71D6FA8017F4}
	EndGlobalSection
EndGlobal
